
Microsoft Visual Studio Solution File, Format Version 12.00
# Visual Studio Version 17
VisualStudioVersion = 17.9.34728.123
MinimumVisualStudioVersion = 10.0.40219.1
Project("{FAE04EC0-301F-11D3-BF4B-00C04F79EFBC}") = "LIBRARY SYSTEM FINALS", "LIBRARY SYSTEM FINALS\LIBRARY SYSTEM FINALS.csproj", "{3BCBFF6E-0058-4698-ABC4-AB5AC690B554}"
EndProject
Global
	GlobalSection(SolutionConfigurationPlatforms) = preSolution
		Debug|Any CPU = Debug|Any CPU
		Release|Any CPU = Release|Any CPU
	EndGlobalSection
	GlobalSection(ProjectConfigurationPlatforms) = postSolution
		{3BCBFF6E-0058-4698-ABC4-AB5AC690B554}.Debug|Any CPU.ActiveCfg = Debug|Any CPU
		{3BCBFF6E-0058-4698-ABC4-AB5AC690B554}.Debug|Any CPU.Build.0 = Debug|Any CPU
		{3BCBFF6E-0058-4698-ABC4-AB5AC690B554}.Release|Any CPU.ActiveCfg = Release|Any CPU
		{3BCBFF6E-0058-4698-ABC4-AB5AC690B554}.Release|Any CPU.Build.0 = Release|Any CPU
	EndGlobalSection
	GlobalSection(SolutionProperties) = preSolution
		HideSolutionNode = FALSE
	EndGlobalSection
	GlobalSection(ExtensibilityGlobals) = postSolution
		SolutionGuid = {75CAD0F2-2909-4F9C-8B93-44FC13C155B1}
	EndGlobalSection
EndGlobal
